
Microsoft Visual Studio Solution File, Format Version 12.00
# Visual Studio Version 17
VisualStudioVersion = 17.11.35312.102
MinimumVisualStudioVersion = 10.0.40219.1
Project("{9A19103F-16F7-4668-BE54-9A1E7A4F7556}") = "TunerAPP_V2", "TunerAPP_V2\TunerAPP_V2.csproj", "{83462026-53C8-4A9F-8DD6-E872F6D08A6E}"
EndProject
Project("{9A19103F-16F7-4668-BE54-9A1E7A4F7556}") = "NAudioPiano", "NAudioPiano\NAudioPiano.csproj", "{BC638856-447C-4C92-8826-DAB827D95F58}"
EndProject
Project("{9A19103F-16F7-4668-BE54-9A1E7A4F7556}") = "NAudioMauiApp", "NAudioMauiApp\NAudioMauiApp.csproj", "{8F27E014-F9D0-4921-B118-A07C66B53EB6}"
EndProject
Project("{9A19103F-16F7-4668-BE54-9A1E7A4F7556}") = "PitchShiftApp", "PitchShiftApp\PitchShiftApp.csproj", "{91476683-F36C-464E-BF5A-C2E502D9B545}"
EndProject
Project("{9A19103F-16F7-4668-BE54-9A1E7A4F7556}") = "MP3Downloader", "MP3Downloader\MP3Downloader.csproj", "{D5380BE0-75B4-43F9-8B8E-BF66A30A9AC3}"
EndProject
Project("{9A19103F-16F7-4668-BE54-9A1E7A4F7556}") = "MP3DownloaderAPP", "MP3DownloaderAPP\MP3DownloaderAPP.csproj", "{C19E960E-FB7A-4D06-9464-719888B89B6E}"
EndProject
Project("{FAE04EC0-301F-11D3-BF4B-00C04F79EFBC}") = "MathTest", "MathTest\MathTest.csproj", "{664E78DA-C55B-46B7-A175-97E652770AF8}"
EndProject
Project("{FAE04EC0-301F-11D3-BF4B-00C04F79EFBC}") = "VoskAPP", "VoskAPP\VoskAPP.csproj", "{36C78D4A-6189-40E8-8930-D88D352BD3C4}"
EndProject
Global
	GlobalSection(SolutionConfigurationPlatforms) = preSolution
		Debug|Any CPU = Debug|Any CPU
		Release|Any CPU = Release|Any CPU
	EndGlobalSection
	GlobalSection(ProjectConfigurationPlatforms) = postSolution
		{83462026-53C8-4A9F-8DD6-E872F6D08A6E}.Debug|Any CPU.ActiveCfg = Debug|Any CPU
		{83462026-53C8-4A9F-8DD6-E872F6D08A6E}.Debug|Any CPU.Build.0 = Debug|Any CPU
		{83462026-53C8-4A9F-8DD6-E872F6D08A6E}.Release|Any CPU.ActiveCfg = Release|Any CPU
		{83462026-53C8-4A9F-8DD6-E872F6D08A6E}.Release|Any CPU.Build.0 = Release|Any CPU
		{BC638856-447C-4C92-8826-DAB827D95F58}.Debug|Any CPU.ActiveCfg = Debug|Any CPU
		{BC638856-447C-4C92-8826-DAB827D95F58}.Debug|Any CPU.Build.0 = Debug|Any CPU
		{BC638856-447C-4C92-8826-DAB827D95F58}.Release|Any CPU.ActiveCfg = Release|Any CPU
		{BC638856-447C-4C92-8826-DAB827D95F58}.Release|Any CPU.Build.0 = Release|Any CPU
		{8F27E014-F9D0-4921-B118-A07C66B53EB6}.Debug|Any CPU.ActiveCfg = Debug|Any CPU
		{8F27E014-F9D0-4921-B118-A07C66B53EB6}.Debug|Any CPU.Build.0 = Debug|Any CPU
		{8F27E014-F9D0-4921-B118-A07C66B53EB6}.Debug|Any CPU.Deploy.0 = Debug|Any CPU
		{8F27E014-F9D0-4921-B118-A07C66B53EB6}.Release|Any CPU.ActiveCfg = Release|Any CPU
		{8F27E014-F9D0-4921-B118-A07C66B53EB6}.Release|Any CPU.Build.0 = Release|Any CPU
		{8F27E014-F9D0-4921-B118-A07C66B53EB6}.Release|Any CPU.Deploy.0 = Release|Any CPU
		{91476683-F36C-464E-BF5A-C2E502D9B545}.Debug|Any CPU.ActiveCfg = Debug|Any CPU
		{91476683-F36C-464E-BF5A-C2E502D9B545}.Debug|Any CPU.Build.0 = Debug|Any CPU
		{91476683-F36C-464E-BF5A-C2E502D9B545}.Release|Any CPU.ActiveCfg = Release|Any CPU
		{91476683-F36C-464E-BF5A-C2E502D9B545}.Release|Any CPU.Build.0 = Release|Any CPU
		{D5380BE0-75B4-43F9-8B8E-BF66A30A9AC3}.Debug|Any CPU.ActiveCfg = Debug|Any CPU
		{D5380BE0-75B4-43F9-8B8E-BF66A30A9AC3}.Debug|Any CPU.Build.0 = Debug|Any CPU
		{D5380BE0-75B4-43F9-8B8E-BF66A30A9AC3}.Release|Any CPU.ActiveCfg = Release|Any CPU
		{D5380BE0-75B4-43F9-8B8E-BF66A30A9AC3}.Release|Any CPU.Build.0 = Release|Any CPU
		{C19E960E-FB7A-4D06-9464-719888B89B6E}.Debug|Any CPU.ActiveCfg = Debug|Any CPU
		{C19E960E-FB7A-4D06-9464-719888B89B6E}.Debug|Any CPU.Build.0 = Debug|Any CPU
		{C19E960E-FB7A-4D06-9464-719888B89B6E}.Release|Any CPU.ActiveCfg = Release|Any CPU
		{C19E960E-FB7A-4D06-9464-719888B89B6E}.Release|Any CPU.Build.0 = Release|Any CPU
		{664E78DA-C55B-46B7-A175-97E652770AF8}.Debug|Any CPU.ActiveCfg = Debug|Any CPU
		{664E78DA-C55B-46B7-A175-97E652770AF8}.Debug|Any CPU.Build.0 = Debug|Any CPU
		{664E78DA-C55B-46B7-A175-97E652770AF8}.Release|Any CPU.ActiveCfg = Release|Any CPU
		{664E78DA-C55B-46B7-A175-97E652770AF8}.Release|Any CPU.Build.0 = Release|Any CPU
		{36C78D4A-6189-40E8-8930-D88D352BD3C4}.Debug|Any CPU.ActiveCfg = Debug|Any CPU
		{36C78D4A-6189-40E8-8930-D88D352BD3C4}.Debug|Any CPU.Build.0 = Debug|Any CPU
		{36C78D4A-6189-40E8-8930-D88D352BD3C4}.Release|Any CPU.ActiveCfg = Release|Any CPU
		{36C78D4A-6189-40E8-8930-D88D352BD3C4}.Release|Any CPU.Build.0 = Release|Any CPU
	EndGlobalSection
	GlobalSection(SolutionProperties) = preSolution
		HideSolutionNode = FALSE
	EndGlobalSection
	GlobalSection(ExtensibilityGlobals) = postSolution
		SolutionGuid = {7CB57B61-39A8-4B8D-9BAD-C257734CEEFA}
	EndGlobalSection
EndGlobal
